// !$*UTF8*$!
{
	archiveVersion = 1;
	classes = {
	};
	objectVersion = 46;
	objects = {

/* Begin PBXBuildFile section */
		4C95FB0818DE99F3006EC0D0 /* Foundation.framework in Frameworks */ = {isa = PBXBuildFile; fileRef = 4C95FB0718DE99F3006EC0D0 /* Foundation.framework */; };
		4C95FB0A18DE99F3006EC0D0 /* CoreGraphics.framework in Frameworks */ = {isa = PBXBuildFile; fileRef = 4C95FB0918DE99F3006EC0D0 /* CoreGraphics.framework */; };
		4C95FB0C18DE99F3006EC0D0 /* UIKit.framework in Frameworks */ = {isa = PBXBuildFile; fileRef = 4C95FB0B18DE99F3006EC0D0 /* UIKit.framework */; };
		4C95FB1218DE99F3006EC0D0 /* InfoPlist.strings in Resources */ = {isa = PBXBuildFile; fileRef = 4C95FB1018DE99F3006EC0D0 /* InfoPlist.strings */; };
		4C95FB1418DE99F3006EC0D0 /* main.m in Sources */ = {isa = PBXBuildFile; fileRef = 4C95FB1318DE99F3006EC0D0 /* main.m */; };
		4C95FB1818DE99F3006EC0D0 /* DCThumnbailAppDelegate.m in Sources */ = {isa = PBXBuildFile; fileRef = 4C95FB1718DE99F3006EC0D0 /* DCThumnbailAppDelegate.m */; };
		4C95FB1A18DE99F3006EC0D0 /* Images.xcassets in Resources */ = {isa = PBXBuildFile; fileRef = 4C95FB1918DE99F3006EC0D0 /* Images.xcassets */; };
		4C95FB3918DE9B2F006EC0D0 /* DCThumbnail.m in Sources */ = {isa = PBXBuildFile; fileRef = 4C95FB3818DE9B2F006EC0D0 /* DCThumbnail.m */; };
		4C95FB4218DEA2DA006EC0D0 /* DCThumnbailMainViewController.m in Sources */ = {isa = PBXBuildFile; fileRef = 4C95FB4118DEA2DA006EC0D0 /* DCThumnbailMainViewController.m */; };
		4C95FB4418DEA7CD006EC0D0 /* image.jpg in Resources */ = {isa = PBXBuildFile; fileRef = 4C95FB4318DEA7CD006EC0D0 /* image.jpg */; };
		4C95FB4718DEA8E9006EC0D0 /* DCThumbnailDetailViewController.m in Sources */ = {isa = PBXBuildFile; fileRef = 4C95FB4618DEA8E9006EC0D0 /* DCThumbnailDetailViewController.m */; };
		4C95FB4A18DEAC99006EC0D0 /* NSURL+DCUTI.m in Sources */ = {isa = PBXBuildFile; fileRef = 4C95FB4918DEAC99006EC0D0 /* NSURL+DCUTI.m */; };
		4C95FB4D18DEACB7006EC0D0 /* DCUTI.m in Sources */ = {isa = PBXBuildFile; fileRef = 4C95FB4C18DEACB7006EC0D0 /* DCUTI.m */; settings = {COMPILER_FLAGS = "-fno-objc-arc"; }; };
		4C95FB5018DEE28B006EC0D0 /* AVFoundation.framework in Frameworks */ = {isa = PBXBuildFile; fileRef = 4C95FB4F18DEE28B006EC0D0 /* AVFoundation.framework */; };
		4C95FB5218DF680A006EC0D0 /* movie.m4v in Resources */ = {isa = PBXBuildFile; fileRef = 4C95FB5118DF680A006EC0D0 /* movie.m4v */; };
		4C95FB5518DF70D7006EC0D0 /* m4a.m4a in Resources */ = {isa = PBXBuildFile; fileRef = 4C95FB5318DF70D7006EC0D0 /* m4a.m4a */; };
		4C95FB5618DF70D7006EC0D0 /* mp3.mp3 in Resources */ = {isa = PBXBuildFile; fileRef = 4C95FB5418DF70D7006EC0D0 /* mp3.mp3 */; };
		4C95FB5818DF7754006EC0D0 /* mp3-noart.mp3 in Resources */ = {isa = PBXBuildFile; fileRef = 4C95FB5718DF7754006EC0D0 /* mp3-noart.mp3 */; };
		4C95FB5B18DF79D5006EC0D0 /* pdf.pdf in Resources */ = {isa = PBXBuildFile; fileRef = 4C95FB5918DF79D5006EC0D0 /* pdf.pdf */; };
		4C95FB5C18DF79D5006EC0D0 /* docx.docx in Resources */ = {isa = PBXBuildFile; fileRef = 4C95FB5A18DF79D5006EC0D0 /* docx.docx */; };
/* End PBXBuildFile section */

/* Begin PBXFileReference section */
		4C95FB0418DE99F3006EC0D0 /* DCThumbnail.app */ = {isa = PBXFileReference; explicitFileType = wrapper.application; includeInIndex = 0; path = DCThumbnail.app; sourceTree = BUILT_PRODUCTS_DIR; };
		4C95FB0718DE99F3006EC0D0 /* Foundation.framework */ = {isa = PBXFileReference; lastKnownFileType = wrapper.framework; name = Foundation.framework; path = System/Library/Frameworks/Foundation.framework; sourceTree = SDKROOT; };
		4C95FB0918DE99F3006EC0D0 /* CoreGraphics.framework */ = {isa = PBXFileReference; lastKnownFileType = wrapper.framework; name = CoreGraphics.framework; path = System/Library/Frameworks/CoreGraphics.framework; sourceTree = SDKROOT; };
		4C95FB0B18DE99F3006EC0D0 /* UIKit.framework */ = {isa = PBXFileReference; lastKnownFileType = wrapper.framework; name = UIKit.framework; path = System/Library/Frameworks/UIKit.framework; sourceTree = SDKROOT; };
		4C95FB0F18DE99F3006EC0D0 /* DCThumbnail-Info.plist */ = {isa = PBXFileReference; lastKnownFileType = text.plist.xml; path = "DCThumbnail-Info.plist"; sourceTree = "<group>"; };
		4C95FB1118DE99F3006EC0D0 /* en */ = {isa = PBXFileReference; lastKnownFileType = text.plist.strings; name = en; path = en.lproj/InfoPlist.strings; sourceTree = "<group>"; };
		4C95FB1318DE99F3006EC0D0 /* main.m */ = {isa = PBXFileReference; lastKnownFileType = sourcecode.c.objc; path = main.m; sourceTree = "<group>"; };
		4C95FB1518DE99F3006EC0D0 /* DCThumbnail-Prefix.pch */ = {isa = PBXFileReference; lastKnownFileType = sourcecode.c.h; path = "DCThumbnail-Prefix.pch"; sourceTree = "<group>"; };
		4C95FB1618DE99F3006EC0D0 /* DCThumnbailAppDelegate.h */ = {isa = PBXFileReference; lastKnownFileType = sourcecode.c.h; path = DCThumnbailAppDelegate.h; sourceTree = "<group>"; };
		4C95FB1718DE99F3006EC0D0 /* DCThumnbailAppDelegate.m */ = {isa = PBXFileReference; lastKnownFileType = sourcecode.c.objc; path = DCThumnbailAppDelegate.m; sourceTree = "<group>"; };
		4C95FB1918DE99F3006EC0D0 /* Images.xcassets */ = {isa = PBXFileReference; lastKnownFileType = folder.assetcatalog; path = Images.xcassets; sourceTree = "<group>"; };
		4C95FB3718DE9B2F006EC0D0 /* DCThumbnail.h */ = {isa = PBXFileReference; fileEncoding = 4; lastKnownFileType = sourcecode.c.h; path = DCThumbnail.h; sourceTree = "<group>"; };
		4C95FB3818DE9B2F006EC0D0 /* DCThumbnail.m */ = {isa = PBXFileReference; fileEncoding = 4; lastKnownFileType = sourcecode.c.objc; path = DCThumbnail.m; sourceTree = "<group>"; };
		4C95FB4018DEA2DA006EC0D0 /* DCThumnbailMainViewController.h */ = {isa = PBXFileReference; fileEncoding = 4; lastKnownFileType = sourcecode.c.h; path = DCThumnbailMainViewController.h; sourceTree = "<group>"; };
		4C95FB4118DEA2DA006EC0D0 /* DCThumnbailMainViewController.m */ = {isa = PBXFileReference; fileEncoding = 4; lastKnownFileType = sourcecode.c.objc; path = DCThumnbailMainViewController.m; sourceTree = "<group>"; };
		4C95FB4318DEA7CD006EC0D0 /* image.jpg */ = {isa = PBXFileReference; lastKnownFileType = image.jpeg; path = image.jpg; sourceTree = "<group>"; };
		4C95FB4518DEA8E9006EC0D0 /* DCThumbnailDetailViewController.h */ = {isa = PBXFileReference; fileEncoding = 4; lastKnownFileType = sourcecode.c.h; path = DCThumbnailDetailViewController.h; sourceTree = "<group>"; };
		4C95FB4618DEA8E9006EC0D0 /* DCThumbnailDetailViewController.m */ = {isa = PBXFileReference; fileEncoding = 4; lastKnownFileType = sourcecode.c.objc; path = DCThumbnailDetailViewController.m; sourceTree = "<group>"; };
		4C95FB4818DEAC99006EC0D0 /* NSURL+DCUTI.h */ = {isa = PBXFileReference; fileEncoding = 4; lastKnownFileType = sourcecode.c.h; path = "NSURL+DCUTI.h"; sourceTree = "<group>"; };
		4C95FB4918DEAC99006EC0D0 /* NSURL+DCUTI.m */ = {isa = PBXFileReference; fileEncoding = 4; lastKnownFileType = sourcecode.c.objc; path = "NSURL+DCUTI.m"; sourceTree = "<group>"; };
		4C95FB4B18DEACB7006EC0D0 /* DCUTI.h */ = {isa = PBXFileReference; fileEncoding = 4; lastKnownFileType = sourcecode.c.h; path = DCUTI.h; sourceTree = "<group>"; };
		4C95FB4C18DEACB7006EC0D0 /* DCUTI.m */ = {isa = PBXFileReference; fileEncoding = 4; lastKnownFileType = sourcecode.c.objc; path = DCUTI.m; sourceTree = "<group>"; };
		4C95FB4E18DEAD0C006EC0D0 /* DCTargets.h */ = {isa = PBXFileReference; lastKnownFileType = sourcecode.c.h; path = DCTargets.h; sourceTree = "<group>"; };
		4C95FB4F18DEE28B006EC0D0 /* AVFoundation.framework */ = {isa = PBXFileReference; lastKnownFileType = wrapper.framework; name = AVFoundation.framework; path = System/Library/Frameworks/AVFoundation.framework; sourceTree = SDKROOT; };
		4C95FB5118DF680A006EC0D0 /* movie.m4v */ = {isa = PBXFileReference; lastKnownFileType = file; path = movie.m4v; sourceTree = "<group>"; };
		4C95FB5318DF70D7006EC0D0 /* m4a.m4a */ = {isa = PBXFileReference; lastKnownFileType = file; path = m4a.m4a; sourceTree = "<group>"; };
		4C95FB5418DF70D7006EC0D0 /* mp3.mp3 */ = {isa = PBXFileReference; lastKnownFileType = audio.mp3; path = mp3.mp3; sourceTree = "<group>"; };
		4C95FB5718DF7754006EC0D0 /* mp3-noart.mp3 */ = {isa = PBXFileReference; lastKnownFileType = audio.mp3; path = "mp3-noart.mp3"; sourceTree = "<group>"; };
		4C95FB5918DF79D5006EC0D0 /* pdf.pdf */ = {isa = PBXFileReference; lastKnownFileType = image.pdf; path = pdf.pdf; sourceTree = "<group>"; };
		4C95FB5A18DF79D5006EC0D0 /* docx.docx */ = {isa = PBXFileReference; lastKnownFileType = file; path = docx.docx; sourceTree = "<group>"; };
/* End PBXFileReference section */

/* Begin PBXFrameworksBuildPhase section */
		4C95FB0118DE99F3006EC0D0 /* Frameworks */ = {
			isa = PBXFrameworksBuildPhase;
			buildActionMask = 2147483647;
			files = (
				4C95FB5018DEE28B006EC0D0 /* AVFoundation.framework in Frameworks */,
				4C95FB0A18DE99F3006EC0D0 /* CoreGraphics.framework in Frameworks */,
				4C95FB0C18DE99F3006EC0D0 /* UIKit.framework in Frameworks */,
				4C95FB0818DE99F3006EC0D0 /* Foundation.framework in Frameworks */,
			);
			runOnlyForDeploymentPostprocessing = 0;
		};
/* End PBXFrameworksBuildPhase section */

/* Begin PBXGroup section */
		4C95FAFB18DE99F3006EC0D0 = {
			isa = PBXGroup;
			children = (
				4C95FB3618DE9B21006EC0D0 /* DCThumbnail */,
				4C95FB0D18DE99F3006EC0D0 /* Demo App */,
				4C95FB0618DE99F3006EC0D0 /* Frameworks */,
				4C95FB0518DE99F3006EC0D0 /* Products */,
			);
			sourceTree = "<group>";
		};
		4C95FB0518DE99F3006EC0D0 /* Products */ = {
			isa = PBXGroup;
			children = (
				4C95FB0418DE99F3006EC0D0 /* DCThumbnail.app */,
			);
			name = Products;
			sourceTree = "<group>";
		};
		4C95FB0618DE99F3006EC0D0 /* Frameworks */ = {
			isa = PBXGroup;
			children = (
				4C95FB4F18DEE28B006EC0D0 /* AVFoundation.framework */,
				4C95FB0718DE99F3006EC0D0 /* Foundation.framework */,
				4C95FB0918DE99F3006EC0D0 /* CoreGraphics.framework */,
				4C95FB0B18DE99F3006EC0D0 /* UIKit.framework */,
			);
			name = Frameworks;
			sourceTree = "<group>";
		};
		4C95FB0D18DE99F3006EC0D0 /* Demo App */ = {
			isa = PBXGroup;
			children = (
				4C95FB1618DE99F3006EC0D0 /* DCThumnbailAppDelegate.h */,
				4C95FB1718DE99F3006EC0D0 /* DCThumnbailAppDelegate.m */,
				4C95FB4018DEA2DA006EC0D0 /* DCThumnbailMainViewController.h */,
				4C95FB4118DEA2DA006EC0D0 /* DCThumnbailMainViewController.m */,
				4C95FB4518DEA8E9006EC0D0 /* DCThumbnailDetailViewController.h */,
				4C95FB4618DEA8E9006EC0D0 /* DCThumbnailDetailViewController.m */,
				4C95FB4318DEA7CD006EC0D0 /* image.jpg */,
				4C95FB5118DF680A006EC0D0 /* movie.m4v */,
				4C95FB5318DF70D7006EC0D0 /* m4a.m4a */,
				4C95FB5418DF70D7006EC0D0 /* mp3.mp3 */,
				4C95FB5718DF7754006EC0D0 /* mp3-noart.mp3 */,
				4C95FB5918DF79D5006EC0D0 /* pdf.pdf */,
				4C95FB5A18DF79D5006EC0D0 /* docx.docx */,
				4C95FB1918DE99F3006EC0D0 /* Images.xcassets */,
				4C95FB0E18DE99F3006EC0D0 /* Supporting Files */,
			);
			name = "Demo App";
			path = DCThumbnail;
			sourceTree = "<group>";
		};
		4C95FB0E18DE99F3006EC0D0 /* Supporting Files */ = {
			isa = PBXGroup;
			children = (
				4C95FB0F18DE99F3006EC0D0 /* DCThumbnail-Info.plist */,
				4C95FB1018DE99F3006EC0D0 /* InfoPlist.strings */,
				4C95FB1318DE99F3006EC0D0 /* main.m */,
				4C95FB1518DE99F3006EC0D0 /* DCThumbnail-Prefix.pch */,
			);
			name = "Supporting Files";
			sourceTree = "<group>";
		};
		4C95FB3618DE9B21006EC0D0 /* DCThumbnail */ = {
			isa = PBXGroup;
			children = (
				4C95FB4E18DEAD0C006EC0D0 /* DCTargets.h */,
				4C95FB4B18DEACB7006EC0D0 /* DCUTI.h */,
				4C95FB4C18DEACB7006EC0D0 /* DCUTI.m */,
				4C95FB4818DEAC99006EC0D0 /* NSURL+DCUTI.h */,
				4C95FB4918DEAC99006EC0D0 /* NSURL+DCUTI.m */,
				4C95FB3718DE9B2F006EC0D0 /* DCThumbnail.h */,
				4C95FB3818DE9B2F006EC0D0 /* DCThumbnail.m */,
			);
			name = DCThumbnail;
			sourceTree = "<group>";
		};
/* End PBXGroup section */

/* Begin PBXNativeTarget section */
		4C95FB0318DE99F3006EC0D0 /* DCThumbnail */ = {
			isa = PBXNativeTarget;
			buildConfigurationList = 4C95FB3018DE99F3006EC0D0 /* Build configuration list for PBXNativeTarget "DCThumbnail" */;
			buildPhases = (
				4C95FB0018DE99F3006EC0D0 /* Sources */,
				4C95FB0118DE99F3006EC0D0 /* Frameworks */,
				4C95FB0218DE99F3006EC0D0 /* Resources */,
			);
			buildRules = (
			);
			dependencies = (
			);
			name = DCThumbnail;
			productName = DCThumbnail;
			productReference = 4C95FB0418DE99F3006EC0D0 /* DCThumbnail.app */;
			productType = "com.apple.product-type.application";
		};
/* End PBXNativeTarget section */

/* Begin PBXProject section */
		4C95FAFC18DE99F3006EC0D0 /* Project object */ = {
			isa = PBXProject;
			attributes = {
				CLASSPREFIX = DC;
				LastUpgradeCheck = 0510;
				ORGANIZATIONNAME = DeskConnnect;
			};
			buildConfigurationList = 4C95FAFF18DE99F3006EC0D0 /* Build configuration list for PBXProject "DCThumbnail" */;
			compatibilityVersion = "Xcode 3.2";
			developmentRegion = English;
			hasScannedForEncodings = 0;
			knownRegions = (
				en,
			);
			mainGroup = 4C95FAFB18DE99F3006EC0D0;
			productRefGroup = 4C95FB0518DE99F3006EC0D0 /* Products */;
			projectDirPath = "";
			projectRoot = "";
			targets = (
				4C95FB0318DE99F3006EC0D0 /* DCThumbnail */,
			);
		};
/* End PBXProject section */

/* Begin PBXResourcesBuildPhase section */
		4C95FB0218DE99F3006EC0D0 /* Resources */ = {
			isa = PBXResourcesBuildPhase;
			buildActionMask = 2147483647;
			files = (
				4C95FB4418DEA7CD006EC0D0 /* image.jpg in Resources */,
				4C95FB5B18DF79D5006EC0D0 /* pdf.pdf in Resources */,
				4C95FB1218DE99F3006EC0D0 /* InfoPlist.strings in Resources */,
				4C95FB5218DF680A006EC0D0 /* movie.m4v in Resources */,
				4C95FB5818DF7754006EC0D0 /* mp3-noart.mp3 in Resources */,
				4C95FB5618DF70D7006EC0D0 /* mp3.mp3 in Resources */,
				4C95FB5518DF70D7006EC0D0 /* m4a.m4a in Resources */,
				4C95FB5C18DF79D5006EC0D0 /* docx.docx in Resources */,
				4C95FB1A18DE99F3006EC0D0 /* Images.xcassets in Resources */,
			);
			runOnlyForDeploymentPostprocessing = 0;
		};
/* End PBXResourcesBuildPhase section */

/* Begin PBXSourcesBuildPhase section */
		4C95FB0018DE99F3006EC0D0 /* Sources */ = {
			isa = PBXSourcesBuildPhase;
			buildActionMask = 2147483647;
			files = (
				4C95FB4218DEA2DA006EC0D0 /* DCThumnbailMainViewController.m in Sources */,
				4C95FB1418DE99F3006EC0D0 /* main.m in Sources */,
				4C95FB1818DE99F3006EC0D0 /* DCThumnbailAppDelegate.m in Sources */,
				4C95FB3918DE9B2F006EC0D0 /* DCThumbnail.m in Sources */,
				4C95FB4D18DEACB7006EC0D0 /* DCUTI.m in Sources */,
				4C95FB4A18DEAC99006EC0D0 /* NSURL+DCUTI.m in Sources */,
				4C95FB4718DEA8E9006EC0D0 /* DCThumbnailDetailViewController.m in Sources */,
			);
			runOnlyForDeploymentPostprocessing = 0;
		};
/* End PBXSourcesBuildPhase section */

/* Begin PBXVariantGroup section */
		4C95FB1018DE99F3006EC0D0 /* InfoPlist.strings */ = {
			isa = PBXVariantGroup;
			children = (
				4C95FB1118DE99F3006EC0D0 /* en */,
			);
			name = InfoPlist.strings;
			sourceTree = "<group>";
		};
/* End PBXVariantGroup section */

/* Begin XCBuildConfiguration section */
		4C95FB2E18DE99F3006EC0D0 /* Debug */ = {
			isa = XCBuildConfiguration;
			buildSettings = {
				ALWAYS_SEARCH_USER_PATHS = NO;
				CLANG_CXX_LANGUAGE_STANDARD = "gnu++0x";
				CLANG_CXX_LIBRARY = "libc++";
				CLANG_ENABLE_MODULES = YES;
				CLANG_ENABLE_OBJC_ARC = YES;
				CLANG_WARN_BOOL_CONVERSION = YES;
				CLANG_WARN_CONSTANT_CONVERSION = YES;
				CLANG_WARN_DIRECT_OBJC_ISA_USAGE = YES_ERROR;
				CLANG_WARN_EMPTY_BODY = YES;
				CLANG_WARN_ENUM_CONVERSION = YES;
				CLANG_WARN_INT_CONVERSION = YES;
				CLANG_WARN_OBJC_ROOT_CLASS = YES_ERROR;
				CLANG_WARN__DUPLICATE_METHOD_MATCH = YES;
				"CODE_SIGN_IDENTITY[sdk=iphoneos*]" = "iPhone Developer";
				COPY_PHASE_STRIP = NO;
				GCC_C_LANGUAGE_STANDARD = gnu99;
				GCC_DYNAMIC_NO_PIC = NO;
				GCC_OPTIMIZATION_LEVEL = 0;
				GCC_PREPROCESSOR_DEFINITIONS = (
					"DEBUG=1",
					"$(inherited)",
				);
				GCC_SYMBOLS_PRIVATE_EXTERN = NO;
				GCC_WARN_64_TO_32_BIT_CONVERSION = YES;
				GCC_WARN_ABOUT_RETURN_TYPE = YES_ERROR;
				GCC_WARN_UNDECLARED_SELECTOR = YES;
				GCC_WARN_UNINITIALIZED_AUTOS = YES_AGGRESSIVE;
				GCC_WARN_UNUSED_FUNCTION = YES;
				GCC_WARN_UNUSED_VARIABLE = YES;
				IPHONEOS_DEPLOYMENT_TARGET = 7.1;
				ONLY_ACTIVE_ARCH = YES;
				SDKROOT = iphoneos;
			};
			name = Debug;
		};
		4C95FB2F18DE99F3006EC0D0 /* Release */ = {
			isa = XCBuildConfiguration;
			buildSettings = {
				ALWAYS_SEARCH_USER_PATHS = NO;
				CLANG_CXX_LANGUAGE_STANDARD = "gnu++0x";
				CLANG_CXX_LIBRARY = "libc++";
				CLANG_ENABLE_MODULES = YES;
				CLANG_ENABLE_OBJC_ARC = YES;
				CLANG_WARN_BOOL_CONVERSION = YES;
				CLANG_WARN_CONSTANT_CONVERSION = YES;
				CLANG_WARN_DIRECT_OBJC_ISA_USAGE = YES_ERROR;
				CLANG_WARN_EMPTY_BODY = YES;
				CLANG_WARN_ENUM_CONVERSION = YES;
				CLANG_WARN_INT_CONVERSION = YES;
				CLANG_WARN_OBJC_ROOT_CLASS = YES_ERROR;
				CLANG_WARN__DUPLICATE_METHOD_MATCH = YES;
				"CODE_SIGN_IDENTITY[sdk=iphoneos*]" = "iPhone Developer";
				COPY_PHASE_STRIP = YES;
				ENABLE_NS_ASSERTIONS = NO;
				GCC_C_LANGUAGE_STANDARD = gnu99;
				GCC_WARN_64_TO_32_BIT_CONVERSION = YES;
				GCC_WARN_ABOUT_RETURN_TYPE = YES_ERROR;
				GCC_WARN_UNDECLARED_SELECTOR = YES;
				GCC_WARN_UNINITIALIZED_AUTOS = YES_AGGRESSIVE;
				GCC_WARN_UNUSED_FUNCTION = YES;
				GCC_WARN_UNUSED_VARIABLE = YES;
				IPHONEOS_DEPLOYMENT_TARGET = 7.1;
				SDKROOT = iphoneos;
				VALIDATE_PRODUCT = YES;
			};
			name = Release;
		};
		4C95FB3118DE99F3006EC0D0 /* Debug */ = {
			isa = XCBuildConfiguration;
			buildSettings = {
				ASSETCATALOG_COMPILER_APPICON_NAME = AppIcon;
				ASSETCATALOG_COMPILER_LAUNCHIMAGE_NAME = LaunchImage;
				GCC_PRECOMPILE_PREFIX_HEADER = YES;
				GCC_PREFIX_HEADER = "DCThumbnail/DCThumbnail-Prefix.pch";
				INFOPLIST_FILE = "DCThumbnail/DCThumbnail-Info.plist";
				PRODUCT_NAME = "$(TARGET_NAME)";
				WRAPPER_EXTENSION = app;
			};
			name = Debug;
		};
		4C95FB3218DE99F3006EC0D0 /* Release */ = {
			isa = XCBuildConfiguration;
			buildSettings = {
				ASSETCATALOG_COMPILER_APPICON_NAME = AppIcon;
				ASSETCATALOG_COMPILER_LAUNCHIMAGE_NAME = LaunchImage;
				GCC_PRECOMPILE_PREFIX_HEADER = YES;
				GCC_PREFIX_HEADER = "DCThumbnail/DCThumbnail-Prefix.pch";
				INFOPLIST_FILE = "DCThumbnail/DCThumbnail-Info.plist";
				PRODUCT_NAME = "$(TARGET_NAME)";
				WRAPPER_EXTENSION = app;
			};
			name = Release;
		};
/* End XCBuildConfiguration section */

/* Begin XCConfigurationList section */
		4C95FAFF18DE99F3006EC0D0 /* Build configuration list for PBXProject "DCThumbnail" */ = {
			isa = XCConfigurationList;
			buildConfigurations = (
				4C95FB2E18DE99F3006EC0D0 /* Debug */,
				4C95FB2F18DE99F3006EC0D0 /* Release */,
			);
			defaultConfigurationIsVisible = 0;
			defaultConfigurationName = Release;
		};
		4C95FB3018DE99F3006EC0D0 /* Build configuration list for PBXNativeTarget "DCThumbnail" */ = {
			isa = XCConfigurationList;
			buildConfigurations = (
				4C95FB3118DE99F3006EC0D0 /* Debug */,
				4C95FB3218DE99F3006EC0D0 /* Release */,
			);
			defaultConfigurationIsVisible = 0;
		};
/* End XCConfigurationList section */
	};
	rootObject = 4C95FAFC18DE99F3006EC0D0 /* Project object */;
}
